
Microsoft Visual Studio Solution File, Format Version 12.00
# Visual Studio Version 16
VisualStudioVersion = 16.0.30413.136
MinimumVisualStudioVersion = 10.0.40219.1
Project("{8BC9CEB8-8B4A-11D0-8D11-00A0C91BC942}") = "helloworld", "helloworld\helloworld.vcxproj", "{0E1FCA2C-3E9E-482F-B726-AD97721F7BCB}"
EndProject
Project("{8BC9CEB8-8B4A-11D0-8D11-00A0C91BC942}") = "ch01", "ch01\ch01.vcxproj", "{A992F6AE-E854-4559-B4A4-702FB761F10D}"
EndProject
Project("{8BC9CEB8-8B4A-11D0-8D11-00A0C91BC942}") = "ch03", "ch03\ch03.vcxproj", "{98E61EA4-EFD1-44AF-AABF-4038A7F36561}"
EndProject
Project("{8BC9CEB8-8B4A-11D0-8D11-00A0C91BC942}") = "ch04", "ch04\ch04.vcxproj", "{87F8A311-5B0F-4595-8161-5487D2B8AF6F}"
EndProject
Project("{8BC9CEB8-8B4A-11D0-8D11-00A0C91BC942}") = "ch05", "ch05\ch05.vcxproj", "{9734ADF4-AF1D-4C26-9DEF-7FD49C74AD18}"
EndProject
Global
	GlobalSection(SolutionConfigurationPlatforms) = preSolution
		Debug|x64 = Debug|x64
		Debug|x86 = Debug|x86
		Release|x64 = Release|x64
		Release|x86 = Release|x86
	EndGlobalSection
	GlobalSection(ProjectConfigurationPlatforms) = postSolution
		{0E1FCA2C-3E9E-482F-B726-AD97721F7BCB}.Debug|x64.ActiveCfg = Debug|x64
		{0E1FCA2C-3E9E-482F-B726-AD97721F7BCB}.Debug|x64.Build.0 = Debug|x64
		{0E1FCA2C-3E9E-482F-B726-AD97721F7BCB}.Debug|x86.ActiveCfg = Debug|Win32
		{0E1FCA2C-3E9E-482F-B726-AD97721F7BCB}.Debug|x86.Build.0 = Debug|Win32
		{0E1FCA2C-3E9E-482F-B726-AD97721F7BCB}.Release|x64.ActiveCfg = Release|x64
		{0E1FCA2C-3E9E-482F-B726-AD97721F7BCB}.Release|x64.Build.0 = Release|x64
		{0E1FCA2C-3E9E-482F-B726-AD97721F7BCB}.Release|x86.ActiveCfg = Release|Win32
		{0E1FCA2C-3E9E-482F-B726-AD97721F7BCB}.Release|x86.Build.0 = Release|Win32
		{A992F6AE-E854-4559-B4A4-702FB761F10D}.Debug|x64.ActiveCfg = Debug|x64
		{A992F6AE-E854-4559-B4A4-702FB761F10D}.Debug|x64.Build.0 = Debug|x64
		{A992F6AE-E854-4559-B4A4-702FB761F10D}.Debug|x86.ActiveCfg = Debug|Win32
		{A992F6AE-E854-4559-B4A4-702FB761F10D}.Debug|x86.Build.0 = Debug|Win32
		{A992F6AE-E854-4559-B4A4-702FB761F10D}.Release|x64.ActiveCfg = Release|x64
		{A992F6AE-E854-4559-B4A4-702FB761F10D}.Release|x64.Build.0 = Release|x64
		{A992F6AE-E854-4559-B4A4-702FB761F10D}.Release|x86.ActiveCfg = Release|Win32
		{A992F6AE-E854-4559-B4A4-702FB761F10D}.Release|x86.Build.0 = Release|Win32
		{98E61EA4-EFD1-44AF-AABF-4038A7F36561}.Debug|x64.ActiveCfg = Debug|x64
		{98E61EA4-EFD1-44AF-AABF-4038A7F36561}.Debug|x64.Build.0 = Debug|x64
		{98E61EA4-EFD1-44AF-AABF-4038A7F36561}.Debug|x86.ActiveCfg = Debug|Win32
		{98E61EA4-EFD1-44AF-AABF-4038A7F36561}.Debug|x86.Build.0 = Debug|Win32
		{98E61EA4-EFD1-44AF-AABF-4038A7F36561}.Release|x64.ActiveCfg = Release|x64
		{98E61EA4-EFD1-44AF-AABF-4038A7F36561}.Release|x64.Build.0 = Release|x64
		{98E61EA4-EFD1-44AF-AABF-4038A7F36561}.Release|x86.ActiveCfg = Release|Win32
		{98E61EA4-EFD1-44AF-AABF-4038A7F36561}.Release|x86.Build.0 = Release|Win32
		{87F8A311-5B0F-4595-8161-5487D2B8AF6F}.Debug|x64.ActiveCfg = Debug|x64
		{87F8A311-5B0F-4595-8161-5487D2B8AF6F}.Debug|x64.Build.0 = Debug|x64
		{87F8A311-5B0F-4595-8161-5487D2B8AF6F}.Debug|x86.ActiveCfg = Debug|Win32
		{87F8A311-5B0F-4595-8161-5487D2B8AF6F}.Debug|x86.Build.0 = Debug|Win32
		{87F8A311-5B0F-4595-8161-5487D2B8AF6F}.Release|x64.ActiveCfg = Release|x64
		{87F8A311-5B0F-4595-8161-5487D2B8AF6F}.Release|x64.Build.0 = Release|x64
		{87F8A311-5B0F-4595-8161-5487D2B8AF6F}.Release|x86.ActiveCfg = Release|Win32
		{87F8A311-5B0F-4595-8161-5487D2B8AF6F}.Release|x86.Build.0 = Release|Win32
		{9734ADF4-AF1D-4C26-9DEF-7FD49C74AD18}.Debug|x64.ActiveCfg = Debug|x64
		{9734ADF4-AF1D-4C26-9DEF-7FD49C74AD18}.Debug|x64.Build.0 = Debug|x64
		{9734ADF4-AF1D-4C26-9DEF-7FD49C74AD18}.Debug|x86.ActiveCfg = Debug|Win32
		{9734ADF4-AF1D-4C26-9DEF-7FD49C74AD18}.Debug|x86.Build.0 = Debug|Win32
		{9734ADF4-AF1D-4C26-9DEF-7FD49C74AD18}.Release|x64.ActiveCfg = Release|x64
		{9734ADF4-AF1D-4C26-9DEF-7FD49C74AD18}.Release|x64.Build.0 = Release|x64
		{9734ADF4-AF1D-4C26-9DEF-7FD49C74AD18}.Release|x86.ActiveCfg = Release|Win32
		{9734ADF4-AF1D-4C26-9DEF-7FD49C74AD18}.Release|x86.Build.0 = Release|Win32
	EndGlobalSection
	GlobalSection(SolutionProperties) = preSolution
		HideSolutionNode = FALSE
	EndGlobalSection
	GlobalSection(ExtensibilityGlobals) = postSolution
		SolutionGuid = {9F7FA752-43E8-4E28-AA2E-82623B2E47F1}
	EndGlobalSection
EndGlobal
